
Microsoft Visual Studio Solution File, Format Version 12.00
# Visual Studio Version 17
VisualStudioVersion = 17.4.33103.184
MinimumVisualStudioVersion = 10.0.40219.1
Project("{9A19103F-16F7-4668-BE54-9A1E7A4F7556}") = "Algorithm", "Algorithm.csproj", "{7B8D2CA9-B33D-4A1F-A5A1-3E8B5CC6D77D}"
EndProject
Project("{9A19103F-16F7-4668-BE54-9A1E7A4F7556}") = "MyConsolApp", "..\ConsoleApp\MyConsolApp\MyConsolApp.csproj", "{EECC0FBD-8429-446C-90B1-C29A14A68290}"
EndProject
Global
	GlobalSection(SolutionConfigurationPlatforms) = preSolution
		Debug|Any CPU = Debug|Any CPU
		Release|Any CPU = Release|Any CPU
	EndGlobalSection
	GlobalSection(ProjectConfigurationPlatforms) = postSolution
		{7B8D2CA9-B33D-4A1F-A5A1-3E8B5CC6D77D}.Debug|Any CPU.ActiveCfg = Debug|Any CPU
		{7B8D2CA9-B33D-4A1F-A5A1-3E8B5CC6D77D}.Debug|Any CPU.Build.0 = Debug|Any CPU
		{7B8D2CA9-B33D-4A1F-A5A1-3E8B5CC6D77D}.Release|Any CPU.ActiveCfg = Release|Any CPU
		{7B8D2CA9-B33D-4A1F-A5A1-3E8B5CC6D77D}.Release|Any CPU.Build.0 = Release|Any CPU
		{EECC0FBD-8429-446C-90B1-C29A14A68290}.Debug|Any CPU.ActiveCfg = Debug|Any CPU
		{EECC0FBD-8429-446C-90B1-C29A14A68290}.Debug|Any CPU.Build.0 = Debug|Any CPU
		{EECC0FBD-8429-446C-90B1-C29A14A68290}.Release|Any CPU.ActiveCfg = Release|Any CPU
		{EECC0FBD-8429-446C-90B1-C29A14A68290}.Release|Any CPU.Build.0 = Release|Any CPU
	EndGlobalSection
	GlobalSection(SolutionProperties) = preSolution
		HideSolutionNode = FALSE
	EndGlobalSection
	GlobalSection(ExtensibilityGlobals) = postSolution
		SolutionGuid = {2DF4FFA1-645E-4B4F-883E-BA2389FF7104}
	EndGlobalSection
EndGlobal
